// !$*UTF8*$!
{
	archiveVersion = 1;
	classes = {
	};
	objectVersion = 46;
	objects = {

/* Begin PBXBuildFile section */
		CE2CCC6215590C5800387144 /* AQGridView.m in Sources */ = {isa = PBXBuildFile; fileRef = CE2CCC4E15590C5800387144 /* AQGridView.m */; };
		CE2CCC6315590C5800387144 /* AQGridViewAnimatorItem.m in Sources */ = {isa = PBXBuildFile; fileRef = CE2CCC5015590C5800387144 /* AQGridViewAnimatorItem.m */; };
		CE2CCC6415590C5800387144 /* AQGridViewCell.m in Sources */ = {isa = PBXBuildFile; fileRef = CE2CCC5315590C5800387144 /* AQGridViewCell.m */; };
		CE2CCC6515590C5800387144 /* AQGridViewController.m in Sources */ = {isa = PBXBuildFile; fileRef = CE2CCC5515590C5800387144 /* AQGridViewController.m */; };
		CE2CCC6615590C5800387144 /* AQGridViewData.m in Sources */ = {isa = PBXBuildFile; fileRef = CE2CCC5715590C5800387144 /* AQGridViewData.m */; };
		CE2CCC6715590C5800387144 /* AQGridViewUpdateInfo.m in Sources */ = {isa = PBXBuildFile; fileRef = CE2CCC5915590C5800387144 /* AQGridViewUpdateInfo.m */; };
		CE2CCC6815590C5800387144 /* AQGridViewUpdateItem.m in Sources */ = {isa = PBXBuildFile; fileRef = CE2CCC5B15590C5800387144 /* AQGridViewUpdateItem.m */; };
		CE2CCC6915590C5800387144 /* NSIndexSet+AQIndexesOutsideSet.m in Sources */ = {isa = PBXBuildFile; fileRef = CE2CCC5D15590C5800387144 /* NSIndexSet+AQIndexesOutsideSet.m */; };
		CE2CCC6A15590C5800387144 /* NSIndexSet+AQIsSetContiguous.m in Sources */ = {isa = PBXBuildFile; fileRef = CE2CCC5F15590C5800387144 /* NSIndexSet+AQIsSetContiguous.m */; };
		CE2CCC6B15590C5800387144 /* UIColor+AQGridView.m in Sources */ = {isa = PBXBuildFile; fileRef = CE2CCC6115590C5800387144 /* UIColor+AQGridView.m */; };
		CE2CCC72155917D800387144 /* QuartzCore.framework in Frameworks */ = {isa = PBXBuildFile; fileRef = CE2CCC71155917D800387144 /* QuartzCore.framework */; };
		CE507C981553D1A60044A5D0 /* Popular.json in Resources */ = {isa = PBXBuildFile; fileRef = CE507C971553D1A60044A5D0 /* Popular.json */; };
		CE6115D91552A2FA0009D4B8 /* DataLike.json in Resources */ = {isa = PBXBuildFile; fileRef = CE6115D81552A2FA0009D4B8 /* DataLike.json */; };
		CE7FAD5915538AC2002C6641 /* CHANGELOG.md in Resources */ = {isa = PBXBuildFile; fileRef = CE7FAD5515538AC2002C6641 /* CHANGELOG.md */; };
		CE7FAD5A15538AC2002C6641 /* JSONKit.m in Sources */ = {isa = PBXBuildFile; fileRef = CE7FAD5715538AC2002C6641 /* JSONKit.m */; settings = {COMPILER_FLAGS = "-fno-objc-arc"; }; };
		CE7FAD5B15538AC2002C6641 /* README.md in Resources */ = {isa = PBXBuildFile; fileRef = CE7FAD5815538AC2002C6641 /* README.md */; };
		CE9CB82115527DC2000B2141 /* UIKit.framework in Frameworks */ = {isa = PBXBuildFile; fileRef = CE9CB82015527DC2000B2141 /* UIKit.framework */; };
		CE9CB82315527DC2000B2141 /* Foundation.framework in Frameworks */ = {isa = PBXBuildFile; fileRef = CE9CB82215527DC2000B2141 /* Foundation.framework */; };
		CE9CB82515527DC2000B2141 /* CoreGraphics.framework in Frameworks */ = {isa = PBXBuildFile; fileRef = CE9CB82415527DC2000B2141 /* CoreGraphics.framework */; };
		CE9CB82B15527DC2000B2141 /* InfoPlist.strings in Resources */ = {isa = PBXBuildFile; fileRef = CE9CB82915527DC2000B2141 /* InfoPlist.strings */; };
		CE9CB82D15527DC2000B2141 /* main.m in Sources */ = {isa = PBXBuildFile; fileRef = CE9CB82C15527DC2000B2141 /* main.m */; };
		CE9CB83115527DC2000B2141 /* ODAppDelegate.m in Sources */ = {isa = PBXBuildFile; fileRef = CE9CB83015527DC2000B2141 /* ODAppDelegate.m */; };
		CE9CB83415527DC2000B2141 /* MainStoryboard.storyboard in Resources */ = {isa = PBXBuildFile; fileRef = CE9CB83215527DC2000B2141 /* MainStoryboard.storyboard */; };
		CE9CB83715527DC2000B2141 /* ODViewController.m in Sources */ = {isa = PBXBuildFile; fileRef = CE9CB83615527DC2000B2141 /* ODViewController.m */; };
		CE9CB83F15527DC2000B2141 /* SenTestingKit.framework in Frameworks */ = {isa = PBXBuildFile; fileRef = CE9CB83E15527DC2000B2141 /* SenTestingKit.framework */; };
		CE9CB84015527DC2000B2141 /* UIKit.framework in Frameworks */ = {isa = PBXBuildFile; fileRef = CE9CB82015527DC2000B2141 /* UIKit.framework */; };
		CE9CB84115527DC2000B2141 /* Foundation.framework in Frameworks */ = {isa = PBXBuildFile; fileRef = CE9CB82215527DC2000B2141 /* Foundation.framework */; };
		CE9CB84915527DC2000B2141 /* InfoPlist.strings in Resources */ = {isa = PBXBuildFile; fileRef = CE9CB84715527DC2000B2141 /* InfoPlist.strings */; };
		CE9CB84C15527DC2000B2141 /* InstaShowTests.m in Sources */ = {isa = PBXBuildFile; fileRef = CE9CB84B15527DC2000B2141 /* InstaShowTests.m */; };
/* End PBXBuildFile section */

/* Begin PBXContainerItemProxy section */
		CE9CB84215527DC2000B2141 /* PBXContainerItemProxy */ = {
			isa = PBXContainerItemProxy;
			containerPortal = CE9CB81315527DC2000B2141 /* Project object */;
			proxyType = 1;
			remoteGlobalIDString = CE9CB81B15527DC2000B2141;
			remoteInfo = InstaShow;
		};
/* End PBXContainerItemProxy section */

/* Begin PBXFileReference section */
		CE2CCC4B15590C5800387144 /* AQGridView+CellLayout.h */ = {isa = PBXFileReference; fileEncoding = 4; lastKnownFileType = sourcecode.c.h; path = "AQGridView+CellLayout.h"; sourceTree = "<group>"; };
		CE2CCC4C15590C5800387144 /* AQGridView+CellLocationDelegation.h */ = {isa = PBXFileReference; fileEncoding = 4; lastKnownFileType = sourcecode.c.h; path = "AQGridView+CellLocationDelegation.h"; sourceTree = "<group>"; };
		CE2CCC4D15590C5800387144 /* AQGridView.h */ = {isa = PBXFileReference; fileEncoding = 4; lastKnownFileType = sourcecode.c.h; path = AQGridView.h; sourceTree = "<group>"; };
		CE2CCC4E15590C5800387144 /* AQGridView.m */ = {isa = PBXFileReference; fileEncoding = 4; lastKnownFileType = sourcecode.c.objc; path = AQGridView.m; sourceTree = "<group>"; };
		CE2CCC4F15590C5800387144 /* AQGridViewAnimatorItem.h */ = {isa = PBXFileReference; fileEncoding = 4; lastKnownFileType = sourcecode.c.h; path = AQGridViewAnimatorItem.h; sourceTree = "<group>"; };
		CE2CCC5015590C5800387144 /* AQGridViewAnimatorItem.m */ = {isa = PBXFileReference; fileEncoding = 4; lastKnownFileType = sourcecode.c.objc; path = AQGridViewAnimatorItem.m; sourceTree = "<group>"; };
		CE2CCC5115590C5800387144 /* AQGridViewCell+AQGridViewCellPrivate.h */ = {isa = PBXFileReference; fileEncoding = 4; lastKnownFileType = sourcecode.c.h; path = "AQGridViewCell+AQGridViewCellPrivate.h"; sourceTree = "<group>"; };
		CE2CCC5215590C5800387144 /* AQGridViewCell.h */ = {isa = PBXFileReference; fileEncoding = 4; lastKnownFileType = sourcecode.c.h; path = AQGridViewCell.h; sourceTree = "<group>"; };
		CE2CCC5315590C5800387144 /* AQGridViewCell.m */ = {isa = PBXFileReference; fileEncoding = 4; lastKnownFileType = sourcecode.c.objc; path = AQGridViewCell.m; sourceTree = "<group>"; };
		CE2CCC5415590C5800387144 /* AQGridViewController.h */ = {isa = PBXFileReference; fileEncoding = 4; lastKnownFileType = sourcecode.c.h; path = AQGridViewController.h; sourceTree = "<group>"; };
		CE2CCC5515590C5800387144 /* AQGridViewController.m */ = {isa = PBXFileReference; fileEncoding = 4; lastKnownFileType = sourcecode.c.objc; path = AQGridViewController.m; sourceTree = "<group>"; };
		CE2CCC5615590C5800387144 /* AQGridViewData.h */ = {isa = PBXFileReference; fileEncoding = 4; lastKnownFileType = sourcecode.c.h; path = AQGridViewData.h; sourceTree = "<group>"; };
		CE2CCC5715590C5800387144 /* AQGridViewData.m */ = {isa = PBXFileReference; fileEncoding = 4; lastKnownFileType = sourcecode.c.objc; path = AQGridViewData.m; sourceTree = "<group>"; };
		CE2CCC5815590C5800387144 /* AQGridViewUpdateInfo.h */ = {isa = PBXFileReference; fileEncoding = 4; lastKnownFileType = sourcecode.c.h; path = AQGridViewUpdateInfo.h; sourceTree = "<group>"; };
		CE2CCC5915590C5800387144 /* AQGridViewUpdateInfo.m */ = {isa = PBXFileReference; fileEncoding = 4; lastKnownFileType = sourcecode.c.objc; path = AQGridViewUpdateInfo.m; sourceTree = "<group>"; };
		CE2CCC5A15590C5800387144 /* AQGridViewUpdateItem.h */ = {isa = PBXFileReference; fileEncoding = 4; lastKnownFileType = sourcecode.c.h; path = AQGridViewUpdateItem.h; sourceTree = "<group>"; };
		CE2CCC5B15590C5800387144 /* AQGridViewUpdateItem.m */ = {isa = PBXFileReference; fileEncoding = 4; lastKnownFileType = sourcecode.c.objc; path = AQGridViewUpdateItem.m; sourceTree = "<group>"; };
		CE2CCC5C15590C5800387144 /* NSIndexSet+AQIndexesOutsideSet.h */ = {isa = PBXFileReference; fileEncoding = 4; lastKnownFileType = sourcecode.c.h; path = "NSIndexSet+AQIndexesOutsideSet.h"; sourceTree = "<group>"; };
		CE2CCC5D15590C5800387144 /* NSIndexSet+AQIndexesOutsideSet.m */ = {isa = PBXFileReference; fileEncoding = 4; lastKnownFileType = sourcecode.c.objc; path = "NSIndexSet+AQIndexesOutsideSet.m"; sourceTree = "<group>"; };
		CE2CCC5E15590C5800387144 /* NSIndexSet+AQIsSetContiguous.h */ = {isa = PBXFileReference; fileEncoding = 4; lastKnownFileType = sourcecode.c.h; path = "NSIndexSet+AQIsSetContiguous.h"; sourceTree = "<group>"; };
		CE2CCC5F15590C5800387144 /* NSIndexSet+AQIsSetContiguous.m */ = {isa = PBXFileReference; fileEncoding = 4; lastKnownFileType = sourcecode.c.objc; path = "NSIndexSet+AQIsSetContiguous.m"; sourceTree = "<group>"; };
		CE2CCC6015590C5800387144 /* UIColor+AQGridView.h */ = {isa = PBXFileReference; fileEncoding = 4; lastKnownFileType = sourcecode.c.h; path = "UIColor+AQGridView.h"; sourceTree = "<group>"; };
		CE2CCC6115590C5800387144 /* UIColor+AQGridView.m */ = {isa = PBXFileReference; fileEncoding = 4; lastKnownFileType = sourcecode.c.objc; path = "UIColor+AQGridView.m"; sourceTree = "<group>"; };
		CE2CCC71155917D800387144 /* QuartzCore.framework */ = {isa = PBXFileReference; lastKnownFileType = wrapper.framework; name = QuartzCore.framework; path = System/Library/Frameworks/QuartzCore.framework; sourceTree = SDKROOT; };
		CE507C971553D1A60044A5D0 /* Popular.json */ = {isa = PBXFileReference; fileEncoding = 4; lastKnownFileType = text.json; path = Popular.json; sourceTree = "<group>"; };
		CE6115D81552A2FA0009D4B8 /* DataLike.json */ = {isa = PBXFileReference; fileEncoding = 4; lastKnownFileType = text.json; path = DataLike.json; sourceTree = "<group>"; };
		CE7FAD5515538AC2002C6641 /* CHANGELOG.md */ = {isa = PBXFileReference; fileEncoding = 4; lastKnownFileType = text; path = CHANGELOG.md; sourceTree = "<group>"; };
		CE7FAD5615538AC2002C6641 /* JSONKit.h */ = {isa = PBXFileReference; fileEncoding = 4; lastKnownFileType = sourcecode.c.h; path = JSONKit.h; sourceTree = "<group>"; };
		CE7FAD5715538AC2002C6641 /* JSONKit.m */ = {isa = PBXFileReference; fileEncoding = 4; lastKnownFileType = sourcecode.c.objc; path = JSONKit.m; sourceTree = "<group>"; };
		CE7FAD5815538AC2002C6641 /* README.md */ = {isa = PBXFileReference; fileEncoding = 4; lastKnownFileType = text; path = README.md; sourceTree = "<group>"; };
		CE9CB81C15527DC2000B2141 /* InstaShow.app */ = {isa = PBXFileReference; explicitFileType = wrapper.application; includeInIndex = 0; path = InstaShow.app; sourceTree = BUILT_PRODUCTS_DIR; };
		CE9CB82015527DC2000B2141 /* UIKit.framework */ = {isa = PBXFileReference; lastKnownFileType = wrapper.framework; name = UIKit.framework; path = System/Library/Frameworks/UIKit.framework; sourceTree = SDKROOT; };
		CE9CB82215527DC2000B2141 /* Foundation.framework */ = {isa = PBXFileReference; lastKnownFileType = wrapper.framework; name = Foundation.framework; path = System/Library/Frameworks/Foundation.framework; sourceTree = SDKROOT; };
		CE9CB82415527DC2000B2141 /* CoreGraphics.framework */ = {isa = PBXFileReference; lastKnownFileType = wrapper.framework; name = CoreGraphics.framework; path = System/Library/Frameworks/CoreGraphics.framework; sourceTree = SDKROOT; };
		CE9CB82815527DC2000B2141 /* InstaShow-Info.plist */ = {isa = PBXFileReference; lastKnownFileType = text.plist.xml; path = "InstaShow-Info.plist"; sourceTree = "<group>"; };
		CE9CB82A15527DC2000B2141 /* en */ = {isa = PBXFileReference; lastKnownFileType = text.plist.strings; name = en; path = en.lproj/InfoPlist.strings; sourceTree = "<group>"; };
		CE9CB82C15527DC2000B2141 /* main.m */ = {isa = PBXFileReference; lastKnownFileType = sourcecode.c.objc; path = main.m; sourceTree = "<group>"; };
		CE9CB82E15527DC2000B2141 /* InstaShow-Prefix.pch */ = {isa = PBXFileReference; lastKnownFileType = sourcecode.c.h; path = "InstaShow-Prefix.pch"; sourceTree = "<group>"; };
		CE9CB82F15527DC2000B2141 /* ODAppDelegate.h */ = {isa = PBXFileReference; lastKnownFileType = sourcecode.c.h; path = ODAppDelegate.h; sourceTree = "<group>"; };
		CE9CB83015527DC2000B2141 /* ODAppDelegate.m */ = {isa = PBXFileReference; lastKnownFileType = sourcecode.c.objc; path = ODAppDelegate.m; sourceTree = "<group>"; };
		CE9CB83315527DC2000B2141 /* en */ = {isa = PBXFileReference; lastKnownFileType = file.storyboard; name = en; path = en.lproj/MainStoryboard.storyboard; sourceTree = "<group>"; };
		CE9CB83515527DC2000B2141 /* ODViewController.h */ = {isa = PBXFileReference; lastKnownFileType = sourcecode.c.h; path = ODViewController.h; sourceTree = "<group>"; };
		CE9CB83615527DC2000B2141 /* ODViewController.m */ = {isa = PBXFileReference; lastKnownFileType = sourcecode.c.objc; path = ODViewController.m; sourceTree = "<group>"; };
		CE9CB83D15527DC2000B2141 /* InstaShowTests.octest */ = {isa = PBXFileReference; explicitFileType = wrapper.cfbundle; includeInIndex = 0; path = InstaShowTests.octest; sourceTree = BUILT_PRODUCTS_DIR; };
		CE9CB83E15527DC2000B2141 /* SenTestingKit.framework */ = {isa = PBXFileReference; lastKnownFileType = wrapper.framework; name = SenTestingKit.framework; path = Library/Frameworks/SenTestingKit.framework; sourceTree = DEVELOPER_DIR; };
		CE9CB84615527DC2000B2141 /* InstaShowTests-Info.plist */ = {isa = PBXFileReference; lastKnownFileType = text.plist.xml; path = "InstaShowTests-Info.plist"; sourceTree = "<group>"; };
		CE9CB84815527DC2000B2141 /* en */ = {isa = PBXFileReference; lastKnownFileType = text.plist.strings; name = en; path = en.lproj/InfoPlist.strings; sourceTree = "<group>"; };
		CE9CB84A15527DC2000B2141 /* InstaShowTests.h */ = {isa = PBXFileReference; lastKnownFileType = sourcecode.c.h; path = InstaShowTests.h; sourceTree = "<group>"; };
		CE9CB84B15527DC2000B2141 /* InstaShowTests.m */ = {isa = PBXFileReference; lastKnownFileType = sourcecode.c.objc; path = InstaShowTests.m; sourceTree = "<group>"; };
/* End PBXFileReference section */

/* Begin PBXFrameworksBuildPhase section */
		CE9CB81915527DC2000B2141 /* Frameworks */ = {
			isa = PBXFrameworksBuildPhase;
			buildActionMask = 2147483647;
			files = (
				CE2CCC72155917D800387144 /* QuartzCore.framework in Frameworks */,
				CE9CB82115527DC2000B2141 /* UIKit.framework in Frameworks */,
				CE9CB82315527DC2000B2141 /* Foundation.framework in Frameworks */,
				CE9CB82515527DC2000B2141 /* CoreGraphics.framework in Frameworks */,
			);
			runOnlyForDeploymentPostprocessing = 0;
		};
		CE9CB83915527DC2000B2141 /* Frameworks */ = {
			isa = PBXFrameworksBuildPhase;
			buildActionMask = 2147483647;
			files = (
				CE9CB83F15527DC2000B2141 /* SenTestingKit.framework in Frameworks */,
				CE9CB84015527DC2000B2141 /* UIKit.framework in Frameworks */,
				CE9CB84115527DC2000B2141 /* Foundation.framework in Frameworks */,
			);
			runOnlyForDeploymentPostprocessing = 0;
		};
/* End PBXFrameworksBuildPhase section */

/* Begin PBXGroup section */
		CE2CCC4A15590C5800387144 /* AQGridView */ = {
			isa = PBXGroup;
			children = (
				CE2CCC4B15590C5800387144 /* AQGridView+CellLayout.h */,
				CE2CCC4C15590C5800387144 /* AQGridView+CellLocationDelegation.h */,
				CE2CCC4D15590C5800387144 /* AQGridView.h */,
				CE2CCC4E15590C5800387144 /* AQGridView.m */,
				CE2CCC4F15590C5800387144 /* AQGridViewAnimatorItem.h */,
				CE2CCC5015590C5800387144 /* AQGridViewAnimatorItem.m */,
				CE2CCC5115590C5800387144 /* AQGridViewCell+AQGridViewCellPrivate.h */,
				CE2CCC5215590C5800387144 /* AQGridViewCell.h */,
				CE2CCC5315590C5800387144 /* AQGridViewCell.m */,
				CE2CCC5415590C5800387144 /* AQGridViewController.h */,
				CE2CCC5515590C5800387144 /* AQGridViewController.m */,
				CE2CCC5615590C5800387144 /* AQGridViewData.h */,
				CE2CCC5715590C5800387144 /* AQGridViewData.m */,
				CE2CCC5815590C5800387144 /* AQGridViewUpdateInfo.h */,
				CE2CCC5915590C5800387144 /* AQGridViewUpdateInfo.m */,
				CE2CCC5A15590C5800387144 /* AQGridViewUpdateItem.h */,
				CE2CCC5B15590C5800387144 /* AQGridViewUpdateItem.m */,
				CE2CCC5C15590C5800387144 /* NSIndexSet+AQIndexesOutsideSet.h */,
				CE2CCC5D15590C5800387144 /* NSIndexSet+AQIndexesOutsideSet.m */,
				CE2CCC5E15590C5800387144 /* NSIndexSet+AQIsSetContiguous.h */,
				CE2CCC5F15590C5800387144 /* NSIndexSet+AQIsSetContiguous.m */,
				CE2CCC6015590C5800387144 /* UIColor+AQGridView.h */,
				CE2CCC6115590C5800387144 /* UIColor+AQGridView.m */,
			);
			name = AQGridView;
			path = Classes;
			sourceTree = "<group>";
		};
		CE7FAD5415538AC2002C6641 /* JSONKit */ = {
			isa = PBXGroup;
			children = (
				CE7FAD5515538AC2002C6641 /* CHANGELOG.md */,
				CE7FAD5615538AC2002C6641 /* JSONKit.h */,
				CE7FAD5715538AC2002C6641 /* JSONKit.m */,
				CE7FAD5815538AC2002C6641 /* README.md */,
			);
			path = JSONKit;
			sourceTree = "<group>";
		};
		CE9CB81115527DC2000B2141 = {
			isa = PBXGroup;
			children = (
				CE2CCC4A15590C5800387144 /* AQGridView */,
				CE7FAD5415538AC2002C6641 /* JSONKit */,
				CE9CB82615527DC2000B2141 /* InstaShow */,
				CE9CB84415527DC2000B2141 /* InstaShowTests */,
				CE9CB81F15527DC2000B2141 /* Frameworks */,
				CE9CB81D15527DC2000B2141 /* Products */,
			);
			sourceTree = "<group>";
		};
		CE9CB81D15527DC2000B2141 /* Products */ = {
			isa = PBXGroup;
			children = (
				CE9CB81C15527DC2000B2141 /* InstaShow.app */,
				CE9CB83D15527DC2000B2141 /* InstaShowTests.octest */,
			);
			name = Products;
			sourceTree = "<group>";
		};
		CE9CB81F15527DC2000B2141 /* Frameworks */ = {
			isa = PBXGroup;
			children = (
				CE2CCC71155917D800387144 /* QuartzCore.framework */,
				CE9CB82015527DC2000B2141 /* UIKit.framework */,
				CE9CB82215527DC2000B2141 /* Foundation.framework */,
				CE9CB82415527DC2000B2141 /* CoreGraphics.framework */,
				CE9CB83E15527DC2000B2141 /* SenTestingKit.framework */,
			);
			name = Frameworks;
			sourceTree = "<group>";
		};
		CE9CB82615527DC2000B2141 /* InstaShow */ = {
			isa = PBXGroup;
			children = (
				CE6115D81552A2FA0009D4B8 /* DataLike.json */,
				CE507C971553D1A60044A5D0 /* Popular.json */,
				CE9CB82F15527DC2000B2141 /* ODAppDelegate.h */,
				CE9CB83015527DC2000B2141 /* ODAppDelegate.m */,
				CE9CB83215527DC2000B2141 /* MainStoryboard.storyboard */,
				CE9CB83515527DC2000B2141 /* ODViewController.h */,
				CE9CB83615527DC2000B2141 /* ODViewController.m */,
				CE9CB82715527DC2000B2141 /* Supporting Files */,
			);
			path = InstaShow;
			sourceTree = "<group>";
		};
		CE9CB82715527DC2000B2141 /* Supporting Files */ = {
			isa = PBXGroup;
			children = (
				CE9CB82815527DC2000B2141 /* InstaShow-Info.plist */,
				CE9CB82915527DC2000B2141 /* InfoPlist.strings */,
				CE9CB82C15527DC2000B2141 /* main.m */,
				CE9CB82E15527DC2000B2141 /* InstaShow-Prefix.pch */,
			);
			name = "Supporting Files";
			sourceTree = "<group>";
		};
		CE9CB84415527DC2000B2141 /* InstaShowTests */ = {
			isa = PBXGroup;
			children = (
				CE9CB84A15527DC2000B2141 /* InstaShowTests.h */,
				CE9CB84B15527DC2000B2141 /* InstaShowTests.m */,
				CE9CB84515527DC2000B2141 /* Supporting Files */,
			);
			path = InstaShowTests;
			sourceTree = "<group>";
		};
		CE9CB84515527DC2000B2141 /* Supporting Files */ = {
			isa = PBXGroup;
			children = (
				CE9CB84615527DC2000B2141 /* InstaShowTests-Info.plist */,
				CE9CB84715527DC2000B2141 /* InfoPlist.strings */,
			);
			name = "Supporting Files";
			sourceTree = "<group>";
		};
/* End PBXGroup section */

/* Begin PBXNativeTarget section */
		CE9CB81B15527DC2000B2141 /* InstaShow */ = {
			isa = PBXNativeTarget;
			buildConfigurationList = CE9CB84F15527DC2000B2141 /* Build configuration list for PBXNativeTarget "InstaShow" */;
			buildPhases = (
				CE9CB81815527DC2000B2141 /* Sources */,
				CE9CB81915527DC2000B2141 /* Frameworks */,
				CE9CB81A15527DC2000B2141 /* Resources */,
			);
			buildRules = (
			);
			dependencies = (
			);
			name = InstaShow;
			productName = InstaShow;
			productReference = CE9CB81C15527DC2000B2141 /* InstaShow.app */;
			productType = "com.apple.product-type.application";
		};
		CE9CB83C15527DC2000B2141 /* InstaShowTests */ = {
			isa = PBXNativeTarget;
			buildConfigurationList = CE9CB85215527DC2000B2141 /* Build configuration list for PBXNativeTarget "InstaShowTests" */;
			buildPhases = (
				CE9CB83815527DC2000B2141 /* Sources */,
				CE9CB83915527DC2000B2141 /* Frameworks */,
				CE9CB83A15527DC2000B2141 /* Resources */,
				CE9CB83B15527DC2000B2141 /* ShellScript */,
			);
			buildRules = (
			);
			dependencies = (
				CE9CB84315527DC2000B2141 /* PBXTargetDependency */,
			);
			name = InstaShowTests;
			productName = InstaShowTests;
			productReference = CE9CB83D15527DC2000B2141 /* InstaShowTests.octest */;
			productType = "com.apple.product-type.bundle";
		};
/* End PBXNativeTarget section */

/* Begin PBXProject section */
		CE9CB81315527DC2000B2141 /* Project object */ = {
			isa = PBXProject;
			attributes = {
				CLASSPREFIX = OD;
				LastUpgradeCheck = 0430;
			};
			buildConfigurationList = CE9CB81615527DC2000B2141 /* Build configuration list for PBXProject "InstaShow" */;
			compatibilityVersion = "Xcode 3.2";
			developmentRegion = English;
			hasScannedForEncodings = 0;
			knownRegions = (
				en,
			);
			mainGroup = CE9CB81115527DC2000B2141;
			productRefGroup = CE9CB81D15527DC2000B2141 /* Products */;
			projectDirPath = "";
			projectRoot = "";
			targets = (
				CE9CB81B15527DC2000B2141 /* InstaShow */,
				CE9CB83C15527DC2000B2141 /* InstaShowTests */,
			);
		};
/* End PBXProject section */

/* Begin PBXResourcesBuildPhase section */
		CE9CB81A15527DC2000B2141 /* Resources */ = {
			isa = PBXResourcesBuildPhase;
			buildActionMask = 2147483647;
			files = (
				CE9CB82B15527DC2000B2141 /* InfoPlist.strings in Resources */,
				CE9CB83415527DC2000B2141 /* MainStoryboard.storyboard in Resources */,
				CE6115D91552A2FA0009D4B8 /* DataLike.json in Resources */,
				CE7FAD5915538AC2002C6641 /* CHANGELOG.md in Resources */,
				CE7FAD5B15538AC2002C6641 /* README.md in Resources */,
				CE507C981553D1A60044A5D0 /* Popular.json in Resources */,
			);
			runOnlyForDeploymentPostprocessing = 0;
		};
		CE9CB83A15527DC2000B2141 /* Resources */ = {
			isa = PBXResourcesBuildPhase;
			buildActionMask = 2147483647;
			files = (
				CE9CB84915527DC2000B2141 /* InfoPlist.strings in Resources */,
			);
			runOnlyForDeploymentPostprocessing = 0;
		};
/* End PBXResourcesBuildPhase section */

/* Begin PBXShellScriptBuildPhase section */
		CE9CB83B15527DC2000B2141 /* ShellScript */ = {
			isa = PBXShellScriptBuildPhase;
			buildActionMask = 2147483647;
			files = (
			);
			inputPaths = (
			);
			outputPaths = (
			);
			runOnlyForDeploymentPostprocessing = 0;
			shellPath = /bin/sh;
			shellScript = "# Run the unit tests in this test bundle.\n\"${SYSTEM_DEVELOPER_DIR}/Tools/RunUnitTests\"\n";
		};
/* End PBXShellScriptBuildPhase section */

/* Begin PBXSourcesBuildPhase section */
		CE9CB81815527DC2000B2141 /* Sources */ = {
			isa = PBXSourcesBuildPhase;
			buildActionMask = 2147483647;
			files = (
				CE9CB82D15527DC2000B2141 /* main.m in Sources */,
				CE9CB83115527DC2000B2141 /* ODAppDelegate.m in Sources */,
				CE9CB83715527DC2000B2141 /* ODViewController.m in Sources */,
				CE7FAD5A15538AC2002C6641 /* JSONKit.m in Sources */,
				CE2CCC6215590C5800387144 /* AQGridView.m in Sources */,
				CE2CCC6315590C5800387144 /* AQGridViewAnimatorItem.m in Sources */,
				CE2CCC6415590C5800387144 /* AQGridViewCell.m in Sources */,
				CE2CCC6515590C5800387144 /* AQGridViewController.m in Sources */,
				CE2CCC6615590C5800387144 /* AQGridViewData.m in Sources */,
				CE2CCC6715590C5800387144 /* AQGridViewUpdateInfo.m in Sources */,
				CE2CCC6815590C5800387144 /* AQGridViewUpdateItem.m in Sources */,
				CE2CCC6915590C5800387144 /* NSIndexSet+AQIndexesOutsideSet.m in Sources */,
				CE2CCC6A15590C5800387144 /* NSIndexSet+AQIsSetContiguous.m in Sources */,
				CE2CCC6B15590C5800387144 /* UIColor+AQGridView.m in Sources */,
			);
			runOnlyForDeploymentPostprocessing = 0;
		};
		CE9CB83815527DC2000B2141 /* Sources */ = {
			isa = PBXSourcesBuildPhase;
			buildActionMask = 2147483647;
			files = (
				CE9CB84C15527DC2000B2141 /* InstaShowTests.m in Sources */,
			);
			runOnlyForDeploymentPostprocessing = 0;
		};
/* End PBXSourcesBuildPhase section */

/* Begin PBXTargetDependency section */
		CE9CB84315527DC2000B2141 /* PBXTargetDependency */ = {
			isa = PBXTargetDependency;
			target = CE9CB81B15527DC2000B2141 /* InstaShow */;
			targetProxy = CE9CB84215527DC2000B2141 /* PBXContainerItemProxy */;
		};
/* End PBXTargetDependency section */

/* Begin PBXVariantGroup section */
		CE9CB82915527DC2000B2141 /* InfoPlist.strings */ = {
			isa = PBXVariantGroup;
			children = (
				CE9CB82A15527DC2000B2141 /* en */,
			);
			name = InfoPlist.strings;
			sourceTree = "<group>";
		};
		CE9CB83215527DC2000B2141 /* MainStoryboard.storyboard */ = {
			isa = PBXVariantGroup;
			children = (
				CE9CB83315527DC2000B2141 /* en */,
			);
			name = MainStoryboard.storyboard;
			sourceTree = "<group>";
		};
		CE9CB84715527DC2000B2141 /* InfoPlist.strings */ = {
			isa = PBXVariantGroup;
			children = (
				CE9CB84815527DC2000B2141 /* en */,
			);
			name = InfoPlist.strings;
			sourceTree = "<group>";
		};
/* End PBXVariantGroup section */

/* Begin XCBuildConfiguration section */
		CE9CB84D15527DC2000B2141 /* Debug */ = {
			isa = XCBuildConfiguration;
			buildSettings = {
				ALWAYS_SEARCH_USER_PATHS = NO;
				ARCHS = "$(ARCHS_STANDARD_32_BIT)";
				CLANG_ENABLE_OBJC_ARC = YES;
				"CODE_SIGN_IDENTITY[sdk=iphoneos*]" = "iPhone Developer";
				COPY_PHASE_STRIP = NO;
				GCC_C_LANGUAGE_STANDARD = gnu99;
				GCC_DYNAMIC_NO_PIC = NO;
				GCC_OPTIMIZATION_LEVEL = 0;
				GCC_PREPROCESSOR_DEFINITIONS = (
					"DEBUG=1",
					"$(inherited)",
				);
				GCC_SYMBOLS_PRIVATE_EXTERN = NO;
				GCC_VERSION = com.apple.compilers.llvm.clang.1_0;
				GCC_WARN_ABOUT_RETURN_TYPE = YES;
				GCC_WARN_UNINITIALIZED_AUTOS = YES;
				GCC_WARN_UNUSED_VARIABLE = YES;
				IPHONEOS_DEPLOYMENT_TARGET = 5.1;
				SDKROOT = iphoneos;
			};
			name = Debug;
		};
		CE9CB84E15527DC2000B2141 /* Release */ = {
			isa = XCBuildConfiguration;
			buildSettings = {
				ALWAYS_SEARCH_USER_PATHS = NO;
				ARCHS = "$(ARCHS_STANDARD_32_BIT)";
				CLANG_ENABLE_OBJC_ARC = YES;
				"CODE_SIGN_IDENTITY[sdk=iphoneos*]" = "iPhone Developer";
				COPY_PHASE_STRIP = YES;
				GCC_C_LANGUAGE_STANDARD = gnu99;
				GCC_VERSION = com.apple.compilers.llvm.clang.1_0;
				GCC_WARN_ABOUT_RETURN_TYPE = YES;
				GCC_WARN_UNINITIALIZED_AUTOS = YES;
				GCC_WARN_UNUSED_VARIABLE = YES;
				IPHONEOS_DEPLOYMENT_TARGET = 5.1;
				OTHER_CFLAGS = "-DNS_BLOCK_ASSERTIONS=1";
				SDKROOT = iphoneos;
				VALIDATE_PRODUCT = YES;
			};
			name = Release;
		};
		CE9CB85015527DC2000B2141 /* Debug */ = {
			isa = XCBuildConfiguration;
			buildSettings = {
				GCC_PRECOMPILE_PREFIX_HEADER = YES;
				GCC_PREFIX_HEADER = "InstaShow/InstaShow-Prefix.pch";
				INFOPLIST_FILE = "InstaShow/InstaShow-Info.plist";
				PRODUCT_NAME = "$(TARGET_NAME)";
				WRAPPER_EXTENSION = app;
			};
			name = Debug;
		};
		CE9CB85115527DC2000B2141 /* Release */ = {
			isa = XCBuildConfiguration;
			buildSettings = {
				GCC_PRECOMPILE_PREFIX_HEADER = YES;
				GCC_PREFIX_HEADER = "InstaShow/InstaShow-Prefix.pch";
				INFOPLIST_FILE = "InstaShow/InstaShow-Info.plist";
				PRODUCT_NAME = "$(TARGET_NAME)";
				WRAPPER_EXTENSION = app;
			};
			name = Release;
		};
		CE9CB85315527DC2000B2141 /* Debug */ = {
			isa = XCBuildConfiguration;
			buildSettings = {
				BUNDLE_LOADER = "$(BUILT_PRODUCTS_DIR)/InstaShow.app/InstaShow";
				FRAMEWORK_SEARCH_PATHS = (
					"$(SDKROOT)/Developer/Library/Frameworks",
					"$(DEVELOPER_LIBRARY_DIR)/Frameworks",
				);
				GCC_PRECOMPILE_PREFIX_HEADER = YES;
				GCC_PREFIX_HEADER = "InstaShow/InstaShow-Prefix.pch";
				INFOPLIST_FILE = "InstaShowTests/InstaShowTests-Info.plist";
				PRODUCT_NAME = "$(TARGET_NAME)";
				TEST_HOST = "$(BUNDLE_LOADER)";
				WRAPPER_EXTENSION = octest;
			};
			name = Debug;
		};
		CE9CB85415527DC2000B2141 /* Release */ = {
			isa = XCBuildConfiguration;
			buildSettings = {
				BUNDLE_LOADER = "$(BUILT_PRODUCTS_DIR)/InstaShow.app/InstaShow";
				FRAMEWORK_SEARCH_PATHS = (
					"$(SDKROOT)/Developer/Library/Frameworks",
					"$(DEVELOPER_LIBRARY_DIR)/Frameworks",
				);
				GCC_PRECOMPILE_PREFIX_HEADER = YES;
				GCC_PREFIX_HEADER = "InstaShow/InstaShow-Prefix.pch";
				INFOPLIST_FILE = "InstaShowTests/InstaShowTests-Info.plist";
				PRODUCT_NAME = "$(TARGET_NAME)";
				TEST_HOST = "$(BUNDLE_LOADER)";
				WRAPPER_EXTENSION = octest;
			};
			name = Release;
		};
/* End XCBuildConfiguration section */

/* Begin XCConfigurationList section */
		CE9CB81615527DC2000B2141 /* Build configuration list for PBXProject "InstaShow" */ = {
			isa = XCConfigurationList;
			buildConfigurations = (
				CE9CB84D15527DC2000B2141 /* Debug */,
				CE9CB84E15527DC2000B2141 /* Release */,
			);
			defaultConfigurationIsVisible = 0;
			defaultConfigurationName = Release;
		};
		CE9CB84F15527DC2000B2141 /* Build configuration list for PBXNativeTarget "InstaShow" */ = {
			isa = XCConfigurationList;
			buildConfigurations = (
				CE9CB85015527DC2000B2141 /* Debug */,
				CE9CB85115527DC2000B2141 /* Release */,
			);
			defaultConfigurationIsVisible = 0;
			defaultConfigurationName = Release;
		};
		CE9CB85215527DC2000B2141 /* Build configuration list for PBXNativeTarget "InstaShowTests" */ = {
			isa = XCConfigurationList;
			buildConfigurations = (
				CE9CB85315527DC2000B2141 /* Debug */,
				CE9CB85415527DC2000B2141 /* Release */,
			);
			defaultConfigurationIsVisible = 0;
			defaultConfigurationName = Release;
		};
/* End XCConfigurationList section */
	};
	rootObject = CE9CB81315527DC2000B2141 /* Project object */;
}
